// !$*UTF8*$!
{
	archiveVersion = 1;
	classes = {
	};
	objectVersion = 55;
	objects = {

/* Begin PBXBuildFile section */
		0A568C5F280F8C21001F0D40 /* AppDelegate.swift in Sources */ = {isa = PBXBuildFile; fileRef = 0A568C5E280F8C21001F0D40 /* AppDelegate.swift */; };
		0A568C61280F8C21001F0D40 /* SceneDelegate.swift in Sources */ = {isa = PBXBuildFile; fileRef = 0A568C60280F8C21001F0D40 /* SceneDelegate.swift */; };
		0A568C63280F8C21001F0D40 /* ViewController.swift in Sources */ = {isa = PBXBuildFile; fileRef = 0A568C62280F8C21001F0D40 /* ViewController.swift */; };
		0A568C66280F8C21001F0D40 /* Main.storyboard in Resources */ = {isa = PBXBuildFile; fileRef = 0A568C64280F8C21001F0D40 /* Main.storyboard */; };
		0A568C68280F8C22001F0D40 /* Assets.xcassets in Resources */ = {isa = PBXBuildFile; fileRef = 0A568C67280F8C22001F0D40 /* Assets.xcassets */; };
		0A568C6B280F8C22001F0D40 /* LaunchScreen.storyboard in Resources */ = {isa = PBXBuildFile; fileRef = 0A568C69280F8C22001F0D40 /* LaunchScreen.storyboard */; };
		0A568C76280F8C22001F0D40 /* __lifeCounterTests.swift in Sources */ = {isa = PBXBuildFile; fileRef = 0A568C75280F8C22001F0D40 /* __lifeCounterTests.swift */; };
		0A568C80280F8C22001F0D40 /* __lifeCounterUITests.swift in Sources */ = {isa = PBXBuildFile; fileRef = 0A568C7F280F8C22001F0D40 /* __lifeCounterUITests.swift */; };
		0A568C82280F8C22001F0D40 /* __lifeCounterUITestsLaunchTests.swift in Sources */ = {isa = PBXBuildFile; fileRef = 0A568C81280F8C22001F0D40 /* __lifeCounterUITestsLaunchTests.swift */; };
		0AE2D33F281904E10009C86F /* TableViewCell.swift in Sources */ = {isa = PBXBuildFile; fileRef = 0AE2D33E281904E10009C86F /* TableViewCell.swift */; };
		0AE2D341281906AB0009C86F /* Player.swift in Sources */ = {isa = PBXBuildFile; fileRef = 0AE2D340281906AB0009C86F /* Player.swift */; };
		0AE2D3432819CBEE0009C86F /* HomeViewController.swift in Sources */ = {isa = PBXBuildFile; fileRef = 0AE2D3422819CBEE0009C86F /* HomeViewController.swift */; };
		0AE2D3452819E6700009C86F /* HistoryViewController.swift in Sources */ = {isa = PBXBuildFile; fileRef = 0AE2D3442819E66F0009C86F /* HistoryViewController.swift */; };
		0AE2D3472819E8FD0009C86F /* HistoryTableViewCell.swift in Sources */ = {isa = PBXBuildFile; fileRef = 0AE2D3462819E8FD0009C86F /* HistoryTableViewCell.swift */; };
/* End PBXBuildFile section */

/* Begin PBXContainerItemProxy section */
		0A568C72280F8C22001F0D40 /* PBXContainerItemProxy */ = {
			isa = PBXContainerItemProxy;
			containerPortal = 0A568C53280F8C21001F0D40 /* Project object */;
			proxyType = 1;
			remoteGlobalIDString = 0A568C5A280F8C21001F0D40;
			remoteInfo = "5-lifeCounter";
		};
		0A568C7C280F8C22001F0D40 /* PBXContainerItemProxy */ = {
			isa = PBXContainerItemProxy;
			containerPortal = 0A568C53280F8C21001F0D40 /* Project object */;
			proxyType = 1;
			remoteGlobalIDString = 0A568C5A280F8C21001F0D40;
			remoteInfo = "5-lifeCounter";
		};
/* End PBXContainerItemProxy section */

/* Begin PBXFileReference section */
		0A568C5B280F8C21001F0D40 /* 5-lifeCounter.app */ = {isa = PBXFileReference; explicitFileType = wrapper.application; includeInIndex = 0; path = "5-lifeCounter.app"; sourceTree = BUILT_PRODUCTS_DIR; };
		0A568C5E280F8C21001F0D40 /* AppDelegate.swift */ = {isa = PBXFileReference; lastKnownFileType = sourcecode.swift; path = AppDelegate.swift; sourceTree = "<group>"; };
		0A568C60280F8C21001F0D40 /* SceneDelegate.swift */ = {isa = PBXFileReference; lastKnownFileType = sourcecode.swift; path = SceneDelegate.swift; sourceTree = "<group>"; };
		0A568C62280F8C21001F0D40 /* ViewController.swift */ = {isa = PBXFileReference; lastKnownFileType = sourcecode.swift; path = ViewController.swift; sourceTree = "<group>"; };
		0A568C65280F8C21001F0D40 /* Base */ = {isa = PBXFileReference; lastKnownFileType = file.storyboard; name = Base; path = Base.lproj/Main.storyboard; sourceTree = "<group>"; };
		0A568C67280F8C22001F0D40 /* Assets.xcassets */ = {isa = PBXFileReference; lastKnownFileType = folder.assetcatalog; path = Assets.xcassets; sourceTree = "<group>"; };
		0A568C6A280F8C22001F0D40 /* Base */ = {isa = PBXFileReference; lastKnownFileType = file.storyboard; name = Base; path = Base.lproj/LaunchScreen.storyboard; sourceTree = "<group>"; };
		0A568C6C280F8C22001F0D40 /* Info.plist */ = {isa = PBXFileReference; lastKnownFileType = text.plist.xml; path = Info.plist; sourceTree = "<group>"; };
		0A568C71280F8C22001F0D40 /* 5-lifeCounterTests.xctest */ = {isa = PBXFileReference; explicitFileType = wrapper.cfbundle; includeInIndex = 0; path = "5-lifeCounterTests.xctest"; sourceTree = BUILT_PRODUCTS_DIR; };
		0A568C75280F8C22001F0D40 /* __lifeCounterTests.swift */ = {isa = PBXFileReference; lastKnownFileType = sourcecode.swift; path = __lifeCounterTests.swift; sourceTree = "<group>"; };
		0A568C7B280F8C22001F0D40 /* 5-lifeCounterUITests.xctest */ = {isa = PBXFileReference; explicitFileType = wrapper.cfbundle; includeInIndex = 0; path = "5-lifeCounterUITests.xctest"; sourceTree = BUILT_PRODUCTS_DIR; };
		0A568C7F280F8C22001F0D40 /* __lifeCounterUITests.swift */ = {isa = PBXFileReference; lastKnownFileType = sourcecode.swift; path = __lifeCounterUITests.swift; sourceTree = "<group>"; };
		0A568C81280F8C22001F0D40 /* __lifeCounterUITestsLaunchTests.swift */ = {isa = PBXFileReference; lastKnownFileType = sourcecode.swift; path = __lifeCounterUITestsLaunchTests.swift; sourceTree = "<group>"; };
		0AE2D33E281904E10009C86F /* TableViewCell.swift */ = {isa = PBXFileReference; lastKnownFileType = sourcecode.swift; path = TableViewCell.swift; sourceTree = "<group>"; };
		0AE2D340281906AB0009C86F /* Player.swift */ = {isa = PBXFileReference; lastKnownFileType = sourcecode.swift; path = Player.swift; sourceTree = "<group>"; };
		0AE2D3422819CBEE0009C86F /* HomeViewController.swift */ = {isa = PBXFileReference; lastKnownFileType = sourcecode.swift; path = HomeViewController.swift; sourceTree = "<group>"; };
		0AE2D3442819E66F0009C86F /* HistoryViewController.swift */ = {isa = PBXFileReference; lastKnownFileType = sourcecode.swift; path = HistoryViewController.swift; sourceTree = "<group>"; };
		0AE2D3462819E8FD0009C86F /* HistoryTableViewCell.swift */ = {isa = PBXFileReference; lastKnownFileType = sourcecode.swift; path = HistoryTableViewCell.swift; sourceTree = "<group>"; };
/* End PBXFileReference section */

/* Begin PBXFrameworksBuildPhase section */
		0A568C58280F8C21001F0D40 /* Frameworks */ = {
			isa = PBXFrameworksBuildPhase;
			buildActionMask = 2147483647;
			files = (
			);
			runOnlyForDeploymentPostprocessing = 0;
		};
		0A568C6E280F8C22001F0D40 /* Frameworks */ = {
			isa = PBXFrameworksBuildPhase;
			buildActionMask = 2147483647;
			files = (
			);
			runOnlyForDeploymentPostprocessing = 0;
		};
		0A568C78280F8C22001F0D40 /* Frameworks */ = {
			isa = PBXFrameworksBuildPhase;
			buildActionMask = 2147483647;
			files = (
			);
			runOnlyForDeploymentPostprocessing = 0;
		};
/* End PBXFrameworksBuildPhase section */

/* Begin PBXGroup section */
		0A568C52280F8C21001F0D40 = {
			isa = PBXGroup;
			children = (
				0A568C5D280F8C21001F0D40 /* 5-lifeCounter */,
				0A568C74280F8C22001F0D40 /* 5-lifeCounterTests */,
				0A568C7E280F8C22001F0D40 /* 5-lifeCounterUITests */,
				0A568C5C280F8C21001F0D40 /* Products */,
			);
			sourceTree = "<group>";
		};
		0A568C5C280F8C21001F0D40 /* Products */ = {
			isa = PBXGroup;
			children = (
				0A568C5B280F8C21001F0D40 /* 5-lifeCounter.app */,
				0A568C71280F8C22001F0D40 /* 5-lifeCounterTests.xctest */,
				0A568C7B280F8C22001F0D40 /* 5-lifeCounterUITests.xctest */,
			);
			name = Products;
			sourceTree = "<group>";
		};
		0A568C5D280F8C21001F0D40 /* 5-lifeCounter */ = {
			isa = PBXGroup;
			children = (
				0A568C5E280F8C21001F0D40 /* AppDelegate.swift */,
				0A568C60280F8C21001F0D40 /* SceneDelegate.swift */,
				0A568C62280F8C21001F0D40 /* ViewController.swift */,
				0AE2D3442819E66F0009C86F /* HistoryViewController.swift */,
				0AE2D3422819CBEE0009C86F /* HomeViewController.swift */,
				0AE2D33E281904E10009C86F /* TableViewCell.swift */,
				0AE2D3462819E8FD0009C86F /* HistoryTableViewCell.swift */,
				0AE2D340281906AB0009C86F /* Player.swift */,
				0A568C64280F8C21001F0D40 /* Main.storyboard */,
				0A568C67280F8C22001F0D40 /* Assets.xcassets */,
				0A568C69280F8C22001F0D40 /* LaunchScreen.storyboard */,
				0A568C6C280F8C22001F0D40 /* Info.plist */,
			);
			path = "5-lifeCounter";
			sourceTree = "<group>";
		};
		0A568C74280F8C22001F0D40 /* 5-lifeCounterTests */ = {
			isa = PBXGroup;
			children = (
				0A568C75280F8C22001F0D40 /* __lifeCounterTests.swift */,
			);
			path = "5-lifeCounterTests";
			sourceTree = "<group>";
		};
		0A568C7E280F8C22001F0D40 /* 5-lifeCounterUITests */ = {
			isa = PBXGroup;
			children = (
				0A568C7F280F8C22001F0D40 /* __lifeCounterUITests.swift */,
				0A568C81280F8C22001F0D40 /* __lifeCounterUITestsLaunchTests.swift */,
			);
			path = "5-lifeCounterUITests";
			sourceTree = "<group>";
		};
/* End PBXGroup section */

/* Begin PBXNativeTarget section */
		0A568C5A280F8C21001F0D40 /* 5-lifeCounter */ = {
			isa = PBXNativeTarget;
			buildConfigurationList = 0A568C85280F8C22001F0D40 /* Build configuration list for PBXNativeTarget "5-lifeCounter" */;
			buildPhases = (
				0A568C57280F8C21001F0D40 /* Sources */,
				0A568C58280F8C21001F0D40 /* Frameworks */,
				0A568C59280F8C21001F0D40 /* Resources */,
			);
			buildRules = (
			);
			dependencies = (
			);
			name = "5-lifeCounter";
			productName = "5-lifeCounter";
			productReference = 0A568C5B280F8C21001F0D40 /* 5-lifeCounter.app */;
			productType = "com.apple.product-type.application";
		};
		0A568C70280F8C22001F0D40 /* 5-lifeCounterTests */ = {
			isa = PBXNativeTarget;
			buildConfigurationList = 0A568C88280F8C22001F0D40 /* Build configuration list for PBXNativeTarget "5-lifeCounterTests" */;
			buildPhases = (
				0A568C6D280F8C22001F0D40 /* Sources */,
				0A568C6E280F8C22001F0D40 /* Frameworks */,
				0A568C6F280F8C22001F0D40 /* Resources */,
			);
			buildRules = (
			);
			dependencies = (
				0A568C73280F8C22001F0D40 /* PBXTargetDependency */,
			);
			name = "5-lifeCounterTests";
			productName = "5-lifeCounterTests";
			productReference = 0A568C71280F8C22001F0D40 /* 5-lifeCounterTests.xctest */;
			productType = "com.apple.product-type.bundle.unit-test";
		};
		0A568C7A280F8C22001F0D40 /* 5-lifeCounterUITests */ = {
			isa = PBXNativeTarget;
			buildConfigurationList = 0A568C8B280F8C22001F0D40 /* Build configuration list for PBXNativeTarget "5-lifeCounterUITests" */;
			buildPhases = (
				0A568C77280F8C22001F0D40 /* Sources */,
				0A568C78280F8C22001F0D40 /* Frameworks */,
				0A568C79280F8C22001F0D40 /* Resources */,
			);
			buildRules = (
			);
			dependencies = (
				0A568C7D280F8C22001F0D40 /* PBXTargetDependency */,
			);
			name = "5-lifeCounterUITests";
			productName = "5-lifeCounterUITests";
			productReference = 0A568C7B280F8C22001F0D40 /* 5-lifeCounterUITests.xctest */;
			productType = "com.apple.product-type.bundle.ui-testing";
		};
/* End PBXNativeTarget section */

/* Begin PBXProject section */
		0A568C53280F8C21001F0D40 /* Project object */ = {
			isa = PBXProject;
			attributes = {
				BuildIndependentTargetsInParallel = 1;
				LastSwiftUpdateCheck = 1320;
				LastUpgradeCheck = 1320;
				TargetAttributes = {
					0A568C5A280F8C21001F0D40 = {
						CreatedOnToolsVersion = 13.2.1;
					};
					0A568C70280F8C22001F0D40 = {
						CreatedOnToolsVersion = 13.2.1;
						TestTargetID = 0A568C5A280F8C21001F0D40;
					};
					0A568C7A280F8C22001F0D40 = {
						CreatedOnToolsVersion = 13.2.1;
						TestTargetID = 0A568C5A280F8C21001F0D40;
					};
				};
			};
			buildConfigurationList = 0A568C56280F8C21001F0D40 /* Build configuration list for PBXProject "5-lifeCounter" */;
			compatibilityVersion = "Xcode 13.0";
			developmentRegion = en;
			hasScannedForEncodings = 0;
			knownRegions = (
				en,
				Base,
			);
			mainGroup = 0A568C52280F8C21001F0D40;
			productRefGroup = 0A568C5C280F8C21001F0D40 /* Products */;
			projectDirPath = "";
			projectRoot = "";
			targets = (
				0A568C5A280F8C21001F0D40 /* 5-lifeCounter */,
				0A568C70280F8C22001F0D40 /* 5-lifeCounterTests */,
				0A568C7A280F8C22001F0D40 /* 5-lifeCounterUITests */,
			);
		};
/* End PBXProject section */

/* Begin PBXResourcesBuildPhase section */
		0A568C59280F8C21001F0D40 /* Resources */ = {
			isa = PBXResourcesBuildPhase;
			buildActionMask = 2147483647;
			files = (
				0A568C6B280F8C22001F0D40 /* LaunchScreen.storyboard in Resources */,
				0A568C68280F8C22001F0D40 /* Assets.xcassets in Resources */,
				0A568C66280F8C21001F0D40 /* Main.storyboard in Resources */,
			);
			runOnlyForDeploymentPostprocessing = 0;
		};
		0A568C6F280F8C22001F0D40 /* Resources */ = {
			isa = PBXResourcesBuildPhase;
			buildActionMask = 2147483647;
			files = (
			);
			runOnlyForDeploymentPostprocessing = 0;
		};
		0A568C79280F8C22001F0D40 /* Resources */ = {
			isa = PBXResourcesBuildPhase;
			buildActionMask = 2147483647;
			files = (
			);
			runOnlyForDeploymentPostprocessing = 0;
		};
/* End PBXResourcesBuildPhase section */

/* Begin PBXSourcesBuildPhase section */
		0A568C57280F8C21001F0D40 /* Sources */ = {
			isa = PBXSourcesBuildPhase;
			buildActionMask = 2147483647;
			files = (
				0A568C63280F8C21001F0D40 /* ViewController.swift in Sources */,
				0AE2D33F281904E10009C86F /* TableViewCell.swift in Sources */,
				0AE2D3472819E8FD0009C86F /* HistoryTableViewCell.swift in Sources */,
				0A568C5F280F8C21001F0D40 /* AppDelegate.swift in Sources */,
				0AE2D341281906AB0009C86F /* Player.swift in Sources */,
				0A568C61280F8C21001F0D40 /* SceneDelegate.swift in Sources */,
				0AE2D3452819E6700009C86F /* HistoryViewController.swift in Sources */,
				0AE2D3432819CBEE0009C86F /* HomeViewController.swift in Sources */,
			);
			runOnlyForDeploymentPostprocessing = 0;
		};
		0A568C6D280F8C22001F0D40 /* Sources */ = {
			isa = PBXSourcesBuildPhase;
			buildActionMask = 2147483647;
			files = (
				0A568C76280F8C22001F0D40 /* __lifeCounterTests.swift in Sources */,
			);
			runOnlyForDeploymentPostprocessing = 0;
		};
		0A568C77280F8C22001F0D40 /* Sources */ = {
			isa = PBXSourcesBuildPhase;
			buildActionMask = 2147483647;
			files = (
				0A568C80280F8C22001F0D40 /* __lifeCounterUITests.swift in Sources */,
				0A568C82280F8C22001F0D40 /* __lifeCounterUITestsLaunchTests.swift in Sources */,
			);
			runOnlyForDeploymentPostprocessing = 0;
		};
/* End PBXSourcesBuildPhase section */

/* Begin PBXTargetDependency section */
		0A568C73280F8C22001F0D40 /* PBXTargetDependency */ = {
			isa = PBXTargetDependency;
			target = 0A568C5A280F8C21001F0D40 /* 5-lifeCounter */;
			targetProxy = 0A568C72280F8C22001F0D40 /* PBXContainerItemProxy */;
		};
		0A568C7D280F8C22001F0D40 /* PBXTargetDependency */ = {
			isa = PBXTargetDependency;
			target = 0A568C5A280F8C21001F0D40 /* 5-lifeCounter */;
			targetProxy = 0A568C7C280F8C22001F0D40 /* PBXContainerItemProxy */;
		};
/* End PBXTargetDependency section */

/* Begin PBXVariantGroup section */
		0A568C64280F8C21001F0D40 /* Main.storyboard */ = {
			isa = PBXVariantGroup;
			children = (
				0A568C65280F8C21001F0D40 /* Base */,
			);
			name = Main.storyboard;
			sourceTree = "<group>";
		};
		0A568C69280F8C22001F0D40 /* LaunchScreen.storyboard */ = {
			isa = PBXVariantGroup;
			children = (
				0A568C6A280F8C22001F0D40 /* Base */,
			);
			name = LaunchScreen.storyboard;
			sourceTree = "<group>";
		};
/* End PBXVariantGroup section */

/* Begin XCBuildConfiguration section */
		0A568C83280F8C22001F0D40 /* Debug */ = {
			isa = XCBuildConfiguration;
			buildSettings = {
				ALWAYS_SEARCH_USER_PATHS = NO;
				CLANG_ANALYZER_NONNULL = YES;
				CLANG_ANALYZER_NUMBER_OBJECT_CONVERSION = YES_AGGRESSIVE;
				CLANG_CXX_LANGUAGE_STANDARD = "gnu++17";
				CLANG_CXX_LIBRARY = "libc++";
				CLANG_ENABLE_MODULES = YES;
				CLANG_ENABLE_OBJC_ARC = YES;
				CLANG_ENABLE_OBJC_WEAK = YES;
				CLANG_WARN_BLOCK_CAPTURE_AUTORELEASING = YES;
				CLANG_WARN_BOOL_CONVERSION = YES;
				CLANG_WARN_COMMA = YES;
				CLANG_WARN_CONSTANT_CONVERSION = YES;
				CLANG_WARN_DEPRECATED_OBJC_IMPLEMENTATIONS = YES;
				CLANG_WARN_DIRECT_OBJC_ISA_USAGE = YES_ERROR;
				CLANG_WARN_DOCUMENTATION_COMMENTS = YES;
				CLANG_WARN_EMPTY_BODY = YES;
				CLANG_WARN_ENUM_CONVERSION = YES;
				CLANG_WARN_INFINITE_RECURSION = YES;
				CLANG_WARN_INT_CONVERSION = YES;
				CLANG_WARN_NON_LITERAL_NULL_CONVERSION = YES;
				CLANG_WARN_OBJC_IMPLICIT_RETAIN_SELF = YES;
				CLANG_WARN_OBJC_LITERAL_CONVERSION = YES;
				CLANG_WARN_OBJC_ROOT_CLASS = YES_ERROR;
				CLANG_WARN_QUOTED_INCLUDE_IN_FRAMEWORK_HEADER = YES;
				CLANG_WARN_RANGE_LOOP_ANALYSIS = YES;
				CLANG_WARN_STRICT_PROTOTYPES = YES;
				CLANG_WARN_SUSPICIOUS_MOVE = YES;
				CLANG_WARN_UNGUARDED_AVAILABILITY = YES_AGGRESSIVE;
				CLANG_WARN_UNREACHABLE_CODE = YES;
				CLANG_WARN__DUPLICATE_METHOD_MATCH = YES;
				COPY_PHASE_STRIP = NO;
				DEBUG_INFORMATION_FORMAT = dwarf;
				ENABLE_STRICT_OBJC_MSGSEND = YES;
				ENABLE_TESTABILITY = YES;
				GCC_C_LANGUAGE_STANDARD = gnu11;
				GCC_DYNAMIC_NO_PIC = NO;
				GCC_NO_COMMON_BLOCKS = YES;
				GCC_OPTIMIZATION_LEVEL = 0;
				GCC_PREPROCESSOR_DEFINITIONS = (
					"DEBUG=1",
					"$(inherited)",
				);
				GCC_WARN_64_TO_32_BIT_CONVERSION = YES;
				GCC_WARN_ABOUT_RETURN_TYPE = YES_ERROR;
				GCC_WARN_UNDECLARED_SELECTOR = YES;
				GCC_WARN_UNINITIALIZED_AUTOS = YES_AGGRESSIVE;
				GCC_WARN_UNUSED_FUNCTION = YES;
				GCC_WARN_UNUSED_VARIABLE = YES;
				IPHONEOS_DEPLOYMENT_TARGET = 15.2;
				MTL_ENABLE_DEBUG_INFO = INCLUDE_SOURCE;
				MTL_FAST_MATH = YES;
				ONLY_ACTIVE_ARCH = YES;
				SDKROOT = iphoneos;
				SWIFT_ACTIVE_COMPILATION_CONDITIONS = DEBUG;
				SWIFT_OPTIMIZATION_LEVEL = "-Onone";
			};
			name = Debug;
		};
		0A568C84280F8C22001F0D40 /* Release */ = {
			isa = XCBuildConfiguration;
			buildSettings = {
				ALWAYS_SEARCH_USER_PATHS = NO;
				CLANG_ANALYZER_NONNULL = YES;
				CLANG_ANALYZER_NUMBER_OBJECT_CONVERSION = YES_AGGRESSIVE;
				CLANG_CXX_LANGUAGE_STANDARD = "gnu++17";
				CLANG_CXX_LIBRARY = "libc++";
				CLANG_ENABLE_MODULES = YES;
				CLANG_ENABLE_OBJC_ARC = YES;
				CLANG_ENABLE_OBJC_WEAK = YES;
				CLANG_WARN_BLOCK_CAPTURE_AUTORELEASING = YES;
				CLANG_WARN_BOOL_CONVERSION = YES;
				CLANG_WARN_COMMA = YES;
				CLANG_WARN_CONSTANT_CONVERSION = YES;
				CLANG_WARN_DEPRECATED_OBJC_IMPLEMENTATIONS = YES;
				CLANG_WARN_DIRECT_OBJC_ISA_USAGE = YES_ERROR;
				CLANG_WARN_DOCUMENTATION_COMMENTS = YES;
				CLANG_WARN_EMPTY_BODY = YES;
				CLANG_WARN_ENUM_CONVERSION = YES;
				CLANG_WARN_INFINITE_RECURSION = YES;
				CLANG_WARN_INT_CONVERSION = YES;
				CLANG_WARN_NON_LITERAL_NULL_CONVERSION = YES;
				CLANG_WARN_OBJC_IMPLICIT_RETAIN_SELF = YES;
				CLANG_WARN_OBJC_LITERAL_CONVERSION = YES;
				CLANG_WARN_OBJC_ROOT_CLASS = YES_ERROR;
				CLANG_WARN_QUOTED_INCLUDE_IN_FRAMEWORK_HEADER = YES;
				CLANG_WARN_RANGE_LOOP_ANALYSIS = YES;
				CLANG_WARN_STRICT_PROTOTYPES = YES;
				CLANG_WARN_SUSPICIOUS_MOVE = YES;
				CLANG_WARN_UNGUARDED_AVAILABILITY = YES_AGGRESSIVE;
				CLANG_WARN_UNREACHABLE_CODE = YES;
				CLANG_WARN__DUPLICATE_METHOD_MATCH = YES;
				COPY_PHASE_STRIP = NO;
				DEBUG_INFORMATION_FORMAT = "dwarf-with-dsym";
				ENABLE_NS_ASSERTIONS = NO;
				ENABLE_STRICT_OBJC_MSGSEND = YES;
				GCC_C_LANGUAGE_STANDARD = gnu11;
				GCC_NO_COMMON_BLOCKS = YES;
				GCC_WARN_64_TO_32_BIT_CONVERSION = YES;
				GCC_WARN_ABOUT_RETURN_TYPE = YES_ERROR;
				GCC_WARN_UNDECLARED_SELECTOR = YES;
				GCC_WARN_UNINITIALIZED_AUTOS = YES_AGGRESSIVE;
				GCC_WARN_UNUSED_FUNCTION = YES;
				GCC_WARN_UNUSED_VARIABLE = YES;
				IPHONEOS_DEPLOYMENT_TARGET = 15.2;
				MTL_ENABLE_DEBUG_INFO = NO;
				MTL_FAST_MATH = YES;
				SDKROOT = iphoneos;
				SWIFT_COMPILATION_MODE = wholemodule;
				SWIFT_OPTIMIZATION_LEVEL = "-O";
				VALIDATE_PRODUCT = YES;
			};
			name = Release;
		};
		0A568C86280F8C22001F0D40 /* Debug */ = {
			isa = XCBuildConfiguration;
			buildSettings = {
				ASSETCATALOG_COMPILER_APPICON_NAME = AppIcon;
				ASSETCATALOG_COMPILER_GLOBAL_ACCENT_COLOR_NAME = AccentColor;
				CODE_SIGN_STYLE = Automatic;
				CURRENT_PROJECT_VERSION = 1;
				DEVELOPMENT_TEAM = 4RP6CJCCH4;
				GENERATE_INFOPLIST_FILE = YES;
				INFOPLIST_FILE = "5-lifeCounter/Info.plist";
				INFOPLIST_KEY_CFBundleDisplayName = "Life Counter";
				INFOPLIST_KEY_UIApplicationSupportsIndirectInputEvents = YES;
				INFOPLIST_KEY_UILaunchStoryboardName = LaunchScreen;
				INFOPLIST_KEY_UIMainStoryboardFile = Main;
				INFOPLIST_KEY_UISupportedInterfaceOrientations_iPad = "UIInterfaceOrientationPortrait UIInterfaceOrientationPortraitUpsideDown UIInterfaceOrientationLandscapeLeft UIInterfaceOrientationLandscapeRight";
				INFOPLIST_KEY_UISupportedInterfaceOrientations_iPhone = "UIInterfaceOrientationPortrait UIInterfaceOrientationLandscapeLeft UIInterfaceOrientationLandscapeRight";
				IPHONEOS_DEPLOYMENT_TARGET = 14.0;
				LD_RUNPATH_SEARCH_PATHS = (
					"$(inherited)",
					"@executable_path/Frameworks",
				);
				MARKETING_VERSION = 1.0;
				PRODUCT_BUNDLE_IDENTIFIER = "com.ChristianCalloway.--lifeCounter";
				PRODUCT_NAME = "$(TARGET_NAME)";
				SWIFT_EMIT_LOC_STRINGS = YES;
				SWIFT_VERSION = 5.0;
				TARGETED_DEVICE_FAMILY = 1;
			};
			name = Debug;
		};
		0A568C87280F8C22001F0D40 /* Release */ = {
			isa = XCBuildConfiguration;
			buildSettings = {
				ASSETCATALOG_COMPILER_APPICON_NAME = AppIcon;
				ASSETCATALOG_COMPILER_GLOBAL_ACCENT_COLOR_NAME = AccentColor;
				CODE_SIGN_STYLE = Automatic;
				CURRENT_PROJECT_VERSION = 1;
				DEVELOPMENT_TEAM = 4RP6CJCCH4;
				GENERATE_INFOPLIST_FILE = YES;
				INFOPLIST_FILE = "5-lifeCounter/Info.plist";
				INFOPLIST_KEY_CFBundleDisplayName = "Life Counter";
				INFOPLIST_KEY_UIApplicationSupportsIndirectInputEvents = YES;
				INFOPLIST_KEY_UILaunchStoryboardName = LaunchScreen;
				INFOPLIST_KEY_UIMainStoryboardFile = Main;
				INFOPLIST_KEY_UISupportedInterfaceOrientations_iPad = "UIInterfaceOrientationPortrait UIInterfaceOrientationPortraitUpsideDown UIInterfaceOrientationLandscapeLeft UIInterfaceOrientationLandscapeRight";
				INFOPLIST_KEY_UISupportedInterfaceOrientations_iPhone = "UIInterfaceOrientationPortrait UIInterfaceOrientationLandscapeLeft UIInterfaceOrientationLandscapeRight";
				IPHONEOS_DEPLOYMENT_TARGET = 14.0;
				LD_RUNPATH_SEARCH_PATHS = (
					"$(inherited)",
					"@executable_path/Frameworks",
				);
				MARKETING_VERSION = 1.0;
				PRODUCT_BUNDLE_IDENTIFIER = "com.ChristianCalloway.--lifeCounter";
				PRODUCT_NAME = "$(TARGET_NAME)";
				SWIFT_EMIT_LOC_STRINGS = YES;
				SWIFT_VERSION = 5.0;
				TARGETED_DEVICE_FAMILY = 1;
			};
			name = Release;
		};
		0A568C89280F8C22001F0D40 /* Debug */ = {
			isa = XCBuildConfiguration;
			buildSettings = {
				ALWAYS_EMBED_SWIFT_STANDARD_LIBRARIES = YES;
				BUNDLE_LOADER = "$(TEST_HOST)";
				CODE_SIGN_STYLE = Automatic;
				CURRENT_PROJECT_VERSION = 1;
				DEVELOPMENT_TEAM = 4RP6CJCCH4;
				GENERATE_INFOPLIST_FILE = YES;
				IPHONEOS_DEPLOYMENT_TARGET = 15.2;
				MARKETING_VERSION = 1.0;
				PRODUCT_BUNDLE_IDENTIFIER = "com.ChristianCalloway.--lifeCounterTests";
				PRODUCT_NAME = "$(TARGET_NAME)";
				SWIFT_EMIT_LOC_STRINGS = NO;
				SWIFT_VERSION = 5.0;
				TARGETED_DEVICE_FAMILY = "1,2";
				TEST_HOST = "$(BUILT_PRODUCTS_DIR)/5-lifeCounter.app/5-lifeCounter";
			};
			name = Debug;
		};
		0A568C8A280F8C22001F0D40 /* Release */ = {
			isa = XCBuildConfiguration;
			buildSettings = {
				ALWAYS_EMBED_SWIFT_STANDARD_LIBRARIES = YES;
				BUNDLE_LOADER = "$(TEST_HOST)";
				CODE_SIGN_STYLE = Automatic;
				CURRENT_PROJECT_VERSION = 1;
				DEVELOPMENT_TEAM = 4RP6CJCCH4;
				GENERATE_INFOPLIST_FILE = YES;
				IPHONEOS_DEPLOYMENT_TARGET = 15.2;
				MARKETING_VERSION = 1.0;
				PRODUCT_BUNDLE_IDENTIFIER = "com.ChristianCalloway.--lifeCounterTests";
				PRODUCT_NAME = "$(TARGET_NAME)";
				SWIFT_EMIT_LOC_STRINGS = NO;
				SWIFT_VERSION = 5.0;
				TARGETED_DEVICE_FAMILY = "1,2";
				TEST_HOST = "$(BUILT_PRODUCTS_DIR)/5-lifeCounter.app/5-lifeCounter";
			};
			name = Release;
		};
		0A568C8C280F8C22001F0D40 /* Debug */ = {
			isa = XCBuildConfiguration;
			buildSettings = {
				ALWAYS_EMBED_SWIFT_STANDARD_LIBRARIES = YES;
				CODE_SIGN_STYLE = Automatic;
				CURRENT_PROJECT_VERSION = 1;
				DEVELOPMENT_TEAM = 4RP6CJCCH4;
				GENERATE_INFOPLIST_FILE = YES;
				MARKETING_VERSION = 1.0;
				PRODUCT_BUNDLE_IDENTIFIER = "com.ChristianCalloway.--lifeCounterUITests";
				PRODUCT_NAME = "$(TARGET_NAME)";
				SWIFT_EMIT_LOC_STRINGS = NO;
				SWIFT_VERSION = 5.0;
				TARGETED_DEVICE_FAMILY = "1,2";
				TEST_TARGET_NAME = "5-lifeCounter";
			};
			name = Debug;
		};
		0A568C8D280F8C22001F0D40 /* Release */ = {
			isa = XCBuildConfiguration;
			buildSettings = {
				ALWAYS_EMBED_SWIFT_STANDARD_LIBRARIES = YES;
				CODE_SIGN_STYLE = Automatic;
				CURRENT_PROJECT_VERSION = 1;
				DEVELOPMENT_TEAM = 4RP6CJCCH4;
				GENERATE_INFOPLIST_FILE = YES;
				MARKETING_VERSION = 1.0;
				PRODUCT_BUNDLE_IDENTIFIER = "com.ChristianCalloway.--lifeCounterUITests";
				PRODUCT_NAME = "$(TARGET_NAME)";
				SWIFT_EMIT_LOC_STRINGS = NO;
				SWIFT_VERSION = 5.0;
				TARGETED_DEVICE_FAMILY = "1,2";
				TEST_TARGET_NAME = "5-lifeCounter";
			};
			name = Release;
		};
/* End XCBuildConfiguration section */

/* Begin XCConfigurationList section */
		0A568C56280F8C21001F0D40 /* Build configuration list for PBXProject "5-lifeCounter" */ = {
			isa = XCConfigurationList;
			buildConfigurations = (
				0A568C83280F8C22001F0D40 /* Debug */,
				0A568C84280F8C22001F0D40 /* Release */,
			);
			defaultConfigurationIsVisible = 0;
			defaultConfigurationName = Release;
		};
		0A568C85280F8C22001F0D40 /* Build configuration list for PBXNativeTarget "5-lifeCounter" */ = {
			isa = XCConfigurationList;
			buildConfigurations = (
				0A568C86280F8C22001F0D40 /* Debug */,
				0A568C87280F8C22001F0D40 /* Release */,
			);
			defaultConfigurationIsVisible = 0;
			defaultConfigurationName = Release;
		};
		0A568C88280F8C22001F0D40 /* Build configuration list for PBXNativeTarget "5-lifeCounterTests" */ = {
			isa = XCConfigurationList;
			buildConfigurations = (
				0A568C89280F8C22001F0D40 /* Debug */,
				0A568C8A280F8C22001F0D40 /* Release */,
			);
			defaultConfigurationIsVisible = 0;
			defaultConfigurationName = Release;
		};
		0A568C8B280F8C22001F0D40 /* Build configuration list for PBXNativeTarget "5-lifeCounterUITests" */ = {
			isa = XCConfigurationList;
			buildConfigurations = (
				0A568C8C280F8C22001F0D40 /* Debug */,
				0A568C8D280F8C22001F0D40 /* Release */,
			);
			defaultConfigurationIsVisible = 0;
			defaultConfigurationName = Release;
		};
/* End XCConfigurationList section */
	};
	rootObject = 0A568C53280F8C21001F0D40 /* Project object */;
}
